# THIS IS AN AUTOGENERATED FILE. DO NOT EDIT THIS FILE DIRECTLY.
# yarn lockfile v1


pxt@^0.5.1:
  version "0.5.1"
  resolved "https://registry.yarnpkg.com/pxt/-/pxt-0.5.1.tgz#e24ff08e5914d16b863e27318631c5f9fa6ebb25"
  integrity sha512-QENdbw5oLbEXBxy2fv5H2Hm06qD0cQu2VbL6zPV7JOiWr9+7425P3+FE/fJiomlrUeziUg+99u8qvWpH5pJ8EQ==
